// !$*UTF8*$!
{
	archiveVersion = 1;
	classes = {
	};
	objectVersion = 48;
	objects = {

/* Begin PBXBuildFile section */
		01CB7C10202FF6EA0048618B /* AppDelegate.swift in Sources */ = {isa = PBXBuildFile; fileRef = 01CB7C0F202FF6EA0048618B /* AppDelegate.swift */; };
		01CB7C12202FF6EA0048618B /* ViewController.swift in Sources */ = {isa = PBXBuildFile; fileRef = 01CB7C11202FF6EA0048618B /* ViewController.swift */; };
		01CB7C15202FF6EA0048618B /* Main.storyboard in Resources */ = {isa = PBXBuildFile; fileRef = 01CB7C13202FF6EA0048618B /* Main.storyboard */; };
		01CB7C17202FF6EA0048618B /* Assets.xcassets in Resources */ = {isa = PBXBuildFile; fileRef = 01CB7C16202FF6EA0048618B /* Assets.xcassets */; };
		01CB7C1A202FF6EA0048618B /* LaunchScreen.storyboard in Resources */ = {isa = PBXBuildFile; fileRef = 01CB7C18202FF6EA0048618B /* LaunchScreen.storyboard */; };
		01CB7C25202FF6EA0048618B /* DiceeTests.swift in Sources */ = {isa = PBXBuildFile; fileRef = 01CB7C24202FF6EA0048618B /* DiceeTests.swift */; };
		01CB7C30202FF6EB0048618B /* DiceeUITests.swift in Sources */ = {isa = PBXBuildFile; fileRef = 01CB7C2F202FF6EB0048618B /* DiceeUITests.swift */; };
/* End PBXBuildFile section */

/* Begin PBXContainerItemProxy section */
		01CB7C21202FF6EA0048618B /* PBXContainerItemProxy */ = {
			isa = PBXContainerItemProxy;
			containerPortal = 01CB7C04202FF6EA0048618B /* Project object */;
			proxyType = 1;
			remoteGlobalIDString = 01CB7C0B202FF6EA0048618B;
			remoteInfo = Dicee;
		};
		01CB7C2C202FF6EA0048618B /* PBXContainerItemProxy */ = {
			isa = PBXContainerItemProxy;
			containerPortal = 01CB7C04202FF6EA0048618B /* Project object */;
			proxyType = 1;
			remoteGlobalIDString = 01CB7C0B202FF6EA0048618B;
			remoteInfo = Dicee;
		};
/* End PBXContainerItemProxy section */

/* Begin PBXFileReference section */
		01CB7C0C202FF6EA0048618B /* Dicee.app */ = {isa = PBXFileReference; explicitFileType = wrapper.application; includeInIndex = 0; path = Dicee.app; sourceTree = BUILT_PRODUCTS_DIR; };
		01CB7C0F202FF6EA0048618B /* AppDelegate.swift */ = {isa = PBXFileReference; lastKnownFileType = sourcecode.swift; path = AppDelegate.swift; sourceTree = "<group>"; };
		01CB7C11202FF6EA0048618B /* ViewController.swift */ = {isa = PBXFileReference; lastKnownFileType = sourcecode.swift; path = ViewController.swift; sourceTree = "<group>"; };
		01CB7C14202FF6EA0048618B /* Base */ = {isa = PBXFileReference; lastKnownFileType = file.storyboard; name = Base; path = Base.lproj/Main.storyboard; sourceTree = "<group>"; };
		01CB7C16202FF6EA0048618B /* Assets.xcassets */ = {isa = PBXFileReference; lastKnownFileType = folder.assetcatalog; path = Assets.xcassets; sourceTree = "<group>"; };
		01CB7C19202FF6EA0048618B /* Base */ = {isa = PBXFileReference; lastKnownFileType = file.storyboard; name = Base; path = Base.lproj/LaunchScreen.storyboard; sourceTree = "<group>"; };
		01CB7C1B202FF6EA0048618B /* Info.plist */ = {isa = PBXFileReference; lastKnownFileType = text.plist.xml; path = Info.plist; sourceTree = "<group>"; };
		01CB7C20202FF6EA0048618B /* DiceeTests.xctest */ = {isa = PBXFileReference; explicitFileType = wrapper.cfbundle; includeInIndex = 0; path = DiceeTests.xctest; sourceTree = BUILT_PRODUCTS_DIR; };
		01CB7C24202FF6EA0048618B /* DiceeTests.swift */ = {isa = PBXFileReference; lastKnownFileType = sourcecode.swift; path = DiceeTests.swift; sourceTree = "<group>"; };
		01CB7C26202FF6EA0048618B /* Info.plist */ = {isa = PBXFileReference; lastKnownFileType = text.plist.xml; path = Info.plist; sourceTree = "<group>"; };
		01CB7C2B202FF6EA0048618B /* DiceeUITests.xctest */ = {isa = PBXFileReference; explicitFileType = wrapper.cfbundle; includeInIndex = 0; path = DiceeUITests.xctest; sourceTree = BUILT_PRODUCTS_DIR; };
		01CB7C2F202FF6EB0048618B /* DiceeUITests.swift */ = {isa = PBXFileReference; lastKnownFileType = sourcecode.swift; path = DiceeUITests.swift; sourceTree = "<group>"; };
		01CB7C31202FF6EB0048618B /* Info.plist */ = {isa = PBXFileReference; lastKnownFileType = text.plist.xml; path = Info.plist; sourceTree = "<group>"; };
/* End PBXFileReference section */

/* Begin PBXFrameworksBuildPhase section */
		01CB7C09202FF6EA0048618B /* Frameworks */ = {
			isa = PBXFrameworksBuildPhase;
			buildActionMask = 2147483647;
			files = (
			);
			runOnlyForDeploymentPostprocessing = 0;
		};
		01CB7C1D202FF6EA0048618B /* Frameworks */ = {
			isa = PBXFrameworksBuildPhase;
			buildActionMask = 2147483647;
			files = (
			);
			runOnlyForDeploymentPostprocessing = 0;
		};
		01CB7C28202FF6EA0048618B /* Frameworks */ = {
			isa = PBXFrameworksBuildPhase;
			buildActionMask = 2147483647;
			files = (
			);
			runOnlyForDeploymentPostprocessing = 0;
		};
/* End PBXFrameworksBuildPhase section */

/* Begin PBXGroup section */
		01CB7C03202FF6EA0048618B = {
			isa = PBXGroup;
			children = (
				01CB7C0E202FF6EA0048618B /* Dicee */,
				01CB7C23202FF6EA0048618B /* DiceeTests */,
				01CB7C2E202FF6EA0048618B /* DiceeUITests */,
				01CB7C0D202FF6EA0048618B /* Products */,
			);
			sourceTree = "<group>";
		};
		01CB7C0D202FF6EA0048618B /* Products */ = {
			isa = PBXGroup;
			children = (
				01CB7C0C202FF6EA0048618B /* Dicee.app */,
				01CB7C20202FF6EA0048618B /* DiceeTests.xctest */,
				01CB7C2B202FF6EA0048618B /* DiceeUITests.xctest */,
			);
			name = Products;
			sourceTree = "<group>";
		};
		01CB7C0E202FF6EA0048618B /* Dicee */ = {
			isa = PBXGroup;
			children = (
				01CB7C0F202FF6EA0048618B /* AppDelegate.swift */,
				01CB7C11202FF6EA0048618B /* ViewController.swift */,
				01CB7C13202FF6EA0048618B /* Main.storyboard */,
				01CB7C16202FF6EA0048618B /* Assets.xcassets */,
				01CB7C18202FF6EA0048618B /* LaunchScreen.storyboard */,
				01CB7C1B202FF6EA0048618B /* Info.plist */,
			);
			path = Dicee;
			sourceTree = "<group>";
		};
		01CB7C23202FF6EA0048618B /* DiceeTests */ = {
			isa = PBXGroup;
			children = (
				01CB7C24202FF6EA0048618B /* DiceeTests.swift */,
				01CB7C26202FF6EA0048618B /* Info.plist */,
			);
			path = DiceeTests;
			sourceTree = "<group>";
		};
		01CB7C2E202FF6EA0048618B /* DiceeUITests */ = {
			isa = PBXGroup;
			children = (
				01CB7C2F202FF6EB0048618B /* DiceeUITests.swift */,
				01CB7C31202FF6EB0048618B /* Info.plist */,
			);
			path = DiceeUITests;
			sourceTree = "<group>";
		};
/* End PBXGroup section */

/* Begin PBXNativeTarget section */
		01CB7C0B202FF6EA0048618B /* Dicee */ = {
			isa = PBXNativeTarget;
			buildConfigurationList = 01CB7C34202FF6EB0048618B /* Build configuration list for PBXNativeTarget "Dicee" */;
			buildPhases = (
				01CB7C08202FF6EA0048618B /* Sources */,
				01CB7C09202FF6EA0048618B /* Frameworks */,
				01CB7C0A202FF6EA0048618B /* Resources */,
			);
			buildRules = (
			);
			dependencies = (
			);
			name = Dicee;
			productName = Dicee;
			productReference = 01CB7C0C202FF6EA0048618B /* Dicee.app */;
			productType = "com.apple.product-type.application";
		};
		01CB7C1F202FF6EA0048618B /* DiceeTests */ = {
			isa = PBXNativeTarget;
			buildConfigurationList = 01CB7C37202FF6EB0048618B /* Build configuration list for PBXNativeTarget "DiceeTests" */;
			buildPhases = (
				01CB7C1C202FF6EA0048618B /* Sources */,
				01CB7C1D202FF6EA0048618B /* Frameworks */,
				01CB7C1E202FF6EA0048618B /* Resources */,
			);
			buildRules = (
			);
			dependencies = (
				01CB7C22202FF6EA0048618B /* PBXTargetDependency */,
			);
			name = DiceeTests;
			productName = DiceeTests;
			productReference = 01CB7C20202FF6EA0048618B /* DiceeTests.xctest */;
			productType = "com.apple.product-type.bundle.unit-test";
		};
		01CB7C2A202FF6EA0048618B /* DiceeUITests */ = {
			isa = PBXNativeTarget;
			buildConfigurationList = 01CB7C3A202FF6EB0048618B /* Build configuration list for PBXNativeTarget "DiceeUITests" */;
			buildPhases = (
				01CB7C27202FF6EA0048618B /* Sources */,
				01CB7C28202FF6EA0048618B /* Frameworks */,
				01CB7C29202FF6EA0048618B /* Resources */,
			);
			buildRules = (
			);
			dependencies = (
				01CB7C2D202FF6EA0048618B /* PBXTargetDependency */,
			);
			name = DiceeUITests;
			productName = DiceeUITests;
			productReference = 01CB7C2B202FF6EA0048618B /* DiceeUITests.xctest */;
			productType = "com.apple.product-type.bundle.ui-testing";
		};
/* End PBXNativeTarget section */

/* Begin PBXProject section */
		01CB7C04202FF6EA0048618B /* Project object */ = {
			isa = PBXProject;
			attributes = {
				LastSwiftUpdateCheck = 0920;
				LastUpgradeCheck = 0920;
				ORGANIZATIONNAME = "Stephen Thatcher";
				TargetAttributes = {
					01CB7C0B202FF6EA0048618B = {
						CreatedOnToolsVersion = 9.2;
						ProvisioningStyle = Automatic;
					};
					01CB7C1F202FF6EA0048618B = {
						CreatedOnToolsVersion = 9.2;
						ProvisioningStyle = Automatic;
						TestTargetID = 01CB7C0B202FF6EA0048618B;
					};
					01CB7C2A202FF6EA0048618B = {
						CreatedOnToolsVersion = 9.2;
						ProvisioningStyle = Automatic;
						TestTargetID = 01CB7C0B202FF6EA0048618B;
					};
				};
			};
			buildConfigurationList = 01CB7C07202FF6EA0048618B /* Build configuration list for PBXProject "Dicee" */;
			compatibilityVersion = "Xcode 8.0";
			developmentRegion = en;
			hasScannedForEncodings = 0;
			knownRegions = (
				en,
				Base,
			);
			mainGroup = 01CB7C03202FF6EA0048618B;
			productRefGroup = 01CB7C0D202FF6EA0048618B /* Products */;
			projectDirPath = "";
			projectRoot = "";
			targets = (
				01CB7C0B202FF6EA0048618B /* Dicee */,
				01CB7C1F202FF6EA0048618B /* DiceeTests */,
				01CB7C2A202FF6EA0048618B /* DiceeUITests */,
			);
		};
/* End PBXProject section */

/* Begin PBXResourcesBuildPhase section */
		01CB7C0A202FF6EA0048618B /* Resources */ = {
			isa = PBXResourcesBuildPhase;
			buildActionMask = 2147483647;
			files = (
				01CB7C1A202FF6EA0048618B /* LaunchScreen.storyboard in Resources */,
				01CB7C17202FF6EA0048618B /* Assets.xcassets in Resources */,
				01CB7C15202FF6EA0048618B /* Main.storyboard in Resources */,
			);
			runOnlyForDeploymentPostprocessing = 0;
		};
		01CB7C1E202FF6EA0048618B /* Resources */ = {
			isa = PBXResourcesBuildPhase;
			buildActionMask = 2147483647;
			files = (
			);
			runOnlyForDeploymentPostprocessing = 0;
		};
		01CB7C29202FF6EA0048618B /* Resources */ = {
			isa = PBXResourcesBuildPhase;
			buildActionMask = 2147483647;
			files = (
			);
			runOnlyForDeploymentPostprocessing = 0;
		};
/* End PBXResourcesBuildPhase section */

/* Begin PBXSourcesBuildPhase section */
		01CB7C08202FF6EA0048618B /* Sources */ = {
			isa = PBXSourcesBuildPhase;
			buildActionMask = 2147483647;
			files = (
				01CB7C12202FF6EA0048618B /* ViewController.swift in Sources */,
				01CB7C10202FF6EA0048618B /* AppDelegate.swift in Sources */,
			);
			runOnlyForDeploymentPostprocessing = 0;
		};
		01CB7C1C202FF6EA0048618B /* Sources */ = {
			isa = PBXSourcesBuildPhase;
			buildActionMask = 2147483647;
			files = (
				01CB7C25202FF6EA0048618B /* DiceeTests.swift in Sources */,
			);
			runOnlyForDeploymentPostprocessing = 0;
		};
		01CB7C27202FF6EA0048618B /* Sources */ = {
			isa = PBXSourcesBuildPhase;
			buildActionMask = 2147483647;
			files = (
				01CB7C30202FF6EB0048618B /* DiceeUITests.swift in Sources */,
			);
			runOnlyForDeploymentPostprocessing = 0;
		};
/* End PBXSourcesBuildPhase section */

/* Begin PBXTargetDependency section */
		01CB7C22202FF6EA0048618B /* PBXTargetDependency */ = {
			isa = PBXTargetDependency;
			target = 01CB7C0B202FF6EA0048618B /* Dicee */;
			targetProxy = 01CB7C21202FF6EA0048618B /* PBXContainerItemProxy */;
		};
		01CB7C2D202FF6EA0048618B /* PBXTargetDependency */ = {
			isa = PBXTargetDependency;
			target = 01CB7C0B202FF6EA0048618B /* Dicee */;
			targetProxy = 01CB7C2C202FF6EA0048618B /* PBXContainerItemProxy */;
		};
/* End PBXTargetDependency section */

/* Begin PBXVariantGroup section */
		01CB7C13202FF6EA0048618B /* Main.storyboard */ = {
			isa = PBXVariantGroup;
			children = (
				01CB7C14202FF6EA0048618B /* Base */,
			);
			name = Main.storyboard;
			sourceTree = "<group>";
		};
		01CB7C18202FF6EA0048618B /* LaunchScreen.storyboard */ = {
			isa = PBXVariantGroup;
			children = (
				01CB7C19202FF6EA0048618B /* Base */,
			);
			name = LaunchScreen.storyboard;
			sourceTree = "<group>";
		};
/* End PBXVariantGroup section */

/* Begin XCBuildConfiguration section */
		01CB7C32202FF6EB0048618B /* Debug */ = {
			isa = XCBuildConfiguration;
			buildSettings = {
				ALWAYS_SEARCH_USER_PATHS = NO;
				CLANG_ANALYZER_NONNULL = YES;
				CLANG_ANALYZER_NUMBER_OBJECT_CONVERSION = YES_AGGRESSIVE;
				CLANG_CXX_LANGUAGE_STANDARD = "gnu++14";
				CLANG_CXX_LIBRARY = "libc++";
				CLANG_ENABLE_MODULES = YES;
				CLANG_ENABLE_OBJC_ARC = YES;
				CLANG_WARN_BLOCK_CAPTURE_AUTORELEASING = YES;
				CLANG_WARN_BOOL_CONVERSION = YES;
				CLANG_WARN_COMMA = YES;
				CLANG_WARN_CONSTANT_CONVERSION = YES;
				CLANG_WARN_DIRECT_OBJC_ISA_USAGE = YES_ERROR;
				CLANG_WARN_DOCUMENTATION_COMMENTS = YES;
				CLANG_WARN_EMPTY_BODY = YES;
				CLANG_WARN_ENUM_CONVERSION = YES;
				CLANG_WARN_INFINITE_RECURSION = YES;
				CLANG_WARN_INT_CONVERSION = YES;
				CLANG_WARN_NON_LITERAL_NULL_CONVERSION = YES;
				CLANG_WARN_OBJC_LITERAL_CONVERSION = YES;
				CLANG_WARN_OBJC_ROOT_CLASS = YES_ERROR;
				CLANG_WARN_RANGE_LOOP_ANALYSIS = YES;
				CLANG_WARN_STRICT_PROTOTYPES = YES;
				CLANG_WARN_SUSPICIOUS_MOVE = YES;
				CLANG_WARN_UNGUARDED_AVAILABILITY = YES_AGGRESSIVE;
				CLANG_WARN_UNREACHABLE_CODE = YES;
				CLANG_WARN__DUPLICATE_METHOD_MATCH = YES;
				CODE_SIGN_IDENTITY = "iPhone Developer";
				COPY_PHASE_STRIP = NO;
				DEBUG_INFORMATION_FORMAT = dwarf;
				ENABLE_STRICT_OBJC_MSGSEND = YES;
				ENABLE_TESTABILITY = YES;
				GCC_C_LANGUAGE_STANDARD = gnu11;
				GCC_DYNAMIC_NO_PIC = NO;
				GCC_NO_COMMON_BLOCKS = YES;
				GCC_OPTIMIZATION_LEVEL = 0;
				GCC_PREPROCESSOR_DEFINITIONS = (
					"DEBUG=1",
					"$(inherited)",
				);
				GCC_WARN_64_TO_32_BIT_CONVERSION = YES;
				GCC_WARN_ABOUT_RETURN_TYPE = YES_ERROR;
				GCC_WARN_UNDECLARED_SELECTOR = YES;
				GCC_WARN_UNINITIALIZED_AUTOS = YES_AGGRESSIVE;
				GCC_WARN_UNUSED_FUNCTION = YES;
				GCC_WARN_UNUSED_VARIABLE = YES;
				IPHONEOS_DEPLOYMENT_TARGET = 11.2;
				MTL_ENABLE_DEBUG_INFO = YES;
				ONLY_ACTIVE_ARCH = YES;
				SDKROOT = iphoneos;
				SWIFT_ACTIVE_COMPILATION_CONDITIONS = DEBUG;
				SWIFT_OPTIMIZATION_LEVEL = "-Onone";
			};
			name = Debug;
		};
		01CB7C33202FF6EB0048618B /* Release */ = {
			isa = XCBuildConfiguration;
			buildSettings = {
				ALWAYS_SEARCH_USER_PATHS = NO;
				CLANG_ANALYZER_NONNULL = YES;
				CLANG_ANALYZER_NUMBER_OBJECT_CONVERSION = YES_AGGRESSIVE;
				CLANG_CXX_LANGUAGE_STANDARD = "gnu++14";
				CLANG_CXX_LIBRARY = "libc++";
				CLANG_ENABLE_MODULES = YES;
				CLANG_ENABLE_OBJC_ARC = YES;
				CLANG_WARN_BLOCK_CAPTURE_AUTORELEASING = YES;
				CLANG_WARN_BOOL_CONVERSION = YES;
				CLANG_WARN_COMMA = YES;
				CLANG_WARN_CONSTANT_CONVERSION = YES;
				CLANG_WARN_DIRECT_OBJC_ISA_USAGE = YES_ERROR;
				CLANG_WARN_DOCUMENTATION_COMMENTS = YES;
				CLANG_WARN_EMPTY_BODY = YES;
				CLANG_WARN_ENUM_CONVERSION = YES;
				CLANG_WARN_INFINITE_RECURSION = YES;
				CLANG_WARN_INT_CONVERSION = YES;
				CLANG_WARN_NON_LITERAL_NULL_CONVERSION = YES;
				CLANG_WARN_OBJC_LITERAL_CONVERSION = YES;
				CLANG_WARN_OBJC_ROOT_CLASS = YES_ERROR;
				CLANG_WARN_RANGE_LOOP_ANALYSIS = YES;
				CLANG_WARN_STRICT_PROTOTYPES = YES;
				CLANG_WARN_SUSPICIOUS_MOVE = YES;
				CLANG_WARN_UNGUARDED_AVAILABILITY = YES_AGGRESSIVE;
				CLANG_WARN_UNREACHABLE_CODE = YES;
				CLANG_WARN__DUPLICATE_METHOD_MATCH = YES;
				CODE_SIGN_IDENTITY = "iPhone Developer";
				COPY_PHASE_STRIP = NO;
				DEBUG_INFORMATION_FORMAT = "dwarf-with-dsym";
				ENABLE_NS_ASSERTIONS = NO;
				ENABLE_STRICT_OBJC_MSGSEND = YES;
				GCC_C_LANGUAGE_STANDARD = gnu11;
				GCC_NO_COMMON_BLOCKS = YES;
				GCC_WARN_64_TO_32_BIT_CONVERSION = YES;
				GCC_WARN_ABOUT_RETURN_TYPE = YES_ERROR;
				GCC_WARN_UNDECLARED_SELECTOR = YES;
				GCC_WARN_UNINITIALIZED_AUTOS = YES_AGGRESSIVE;
				GCC_WARN_UNUSED_FUNCTION = YES;
				GCC_WARN_UNUSED_VARIABLE = YES;
				IPHONEOS_DEPLOYMENT_TARGET = 11.2;
				MTL_ENABLE_DEBUG_INFO = NO;
				SDKROOT = iphoneos;
				SWIFT_OPTIMIZATION_LEVEL = "-Owholemodule";
				VALIDATE_PRODUCT = YES;
			};
			name = Release;
		};
		01CB7C35202FF6EB0048618B /* Debug */ = {
			isa = XCBuildConfiguration;
			buildSettings = {
				ASSETCATALOG_COMPILER_APPICON_NAME = AppIcon;
				CODE_SIGN_STYLE = Automatic;
				DEVELOPMENT_TEAM = NYB26JS752;
				INFOPLIST_FILE = Dicee/Info.plist;
				LD_RUNPATH_SEARCH_PATHS = "$(inherited) @executable_path/Frameworks";
				PRODUCT_BUNDLE_IDENTIFIER = me.sjthatc.Dicee.Dicee;
				PRODUCT_NAME = "$(TARGET_NAME)";
				SWIFT_VERSION = 4.0;
				TARGETED_DEVICE_FAMILY = "1,2";
			};
			name = Debug;
		};
		01CB7C36202FF6EB0048618B /* Release */ = {
			isa = XCBuildConfiguration;
			buildSettings = {
				ASSETCATALOG_COMPILER_APPICON_NAME = AppIcon;
				CODE_SIGN_STYLE = Automatic;
				DEVELOPMENT_TEAM = NYB26JS752;
				INFOPLIST_FILE = Dicee/Info.plist;
				LD_RUNPATH_SEARCH_PATHS = "$(inherited) @executable_path/Frameworks";
				PRODUCT_BUNDLE_IDENTIFIER = me.sjthatc.Dicee.Dicee;
				PRODUCT_NAME = "$(TARGET_NAME)";
				SWIFT_VERSION = 4.0;
				TARGETED_DEVICE_FAMILY = "1,2";
			};
			name = Release;
		};
		01CB7C38202FF6EB0048618B /* Debug */ = {
			isa = XCBuildConfiguration;
			buildSettings = {
				ALWAYS_EMBED_SWIFT_STANDARD_LIBRARIES = YES;
				BUNDLE_LOADER = "$(TEST_HOST)";
				CODE_SIGN_STYLE = Automatic;
				INFOPLIST_FILE = DiceeTests/Info.plist;
				LD_RUNPATH_SEARCH_PATHS = "$(inherited) @executable_path/Frameworks @loader_path/Frameworks";
				PRODUCT_BUNDLE_IDENTIFIER = me.sjthatc.Dicee.DiceeTests;
				PRODUCT_NAME = "$(TARGET_NAME)";
				SWIFT_VERSION = 4.0;
				TARGETED_DEVICE_FAMILY = "1,2";
				TEST_HOST = "$(BUILT_PRODUCTS_DIR)/Dicee.app/Dicee";
			};
			name = Debug;
		};
		01CB7C39202FF6EB0048618B /* Release */ = {
			isa = XCBuildConfiguration;
			buildSettings = {
				ALWAYS_EMBED_SWIFT_STANDARD_LIBRARIES = YES;
				BUNDLE_LOADER = "$(TEST_HOST)";
				CODE_SIGN_STYLE = Automatic;
				INFOPLIST_FILE = DiceeTests/Info.plist;
				LD_RUNPATH_SEARCH_PATHS = "$(inherited) @executable_path/Frameworks @loader_path/Frameworks";
				PRODUCT_BUNDLE_IDENTIFIER = me.sjthatc.Dicee.DiceeTests;
				PRODUCT_NAME = "$(TARGET_NAME)";
				SWIFT_VERSION = 4.0;
				TARGETED_DEVICE_FAMILY = "1,2";
				TEST_HOST = "$(BUILT_PRODUCTS_DIR)/Dicee.app/Dicee";
			};
			name = Release;
		};
		01CB7C3B202FF6EB0048618B /* Debug */ = {
			isa = XCBuildConfiguration;
			buildSettings = {
				ALWAYS_EMBED_SWIFT_STANDARD_LIBRARIES = YES;
				CODE_SIGN_STYLE = Automatic;
				INFOPLIST_FILE = DiceeUITests/Info.plist;
				LD_RUNPATH_SEARCH_PATHS = "$(inherited) @executable_path/Frameworks @loader_path/Frameworks";
				PRODUCT_BUNDLE_IDENTIFIER = me.sjthatc.Dicee.DiceeUITests;
				PRODUCT_NAME = "$(TARGET_NAME)";
				SWIFT_VERSION = 4.0;
				TARGETED_DEVICE_FAMILY = "1,2";
				TEST_TARGET_NAME = Dicee;
			};
			name = Debug;
		};
		01CB7C3C202FF6EB0048618B /* Release */ = {
			isa = XCBuildConfiguration;
			buildSettings = {
				ALWAYS_EMBED_SWIFT_STANDARD_LIBRARIES = YES;
				CODE_SIGN_STYLE = Automatic;
				INFOPLIST_FILE = DiceeUITests/Info.plist;
				LD_RUNPATH_SEARCH_PATHS = "$(inherited) @executable_path/Frameworks @loader_path/Frameworks";
				PRODUCT_BUNDLE_IDENTIFIER = me.sjthatc.Dicee.DiceeUITests;
				PRODUCT_NAME = "$(TARGET_NAME)";
				SWIFT_VERSION = 4.0;
				TARGETED_DEVICE_FAMILY = "1,2";
				TEST_TARGET_NAME = Dicee;
			};
			name = Release;
		};
/* End XCBuildConfiguration section */

/* Begin XCConfigurationList section */
		01CB7C07202FF6EA0048618B /* Build configuration list for PBXProject "Dicee" */ = {
			isa = XCConfigurationList;
			buildConfigurations = (
				01CB7C32202FF6EB0048618B /* Debug */,
				01CB7C33202FF6EB0048618B /* Release */,
			);
			defaultConfigurationIsVisible = 0;
			defaultConfigurationName = Release;
		};
		01CB7C34202FF6EB0048618B /* Build configuration list for PBXNativeTarget "Dicee" */ = {
			isa = XCConfigurationList;
			buildConfigurations = (
				01CB7C35202FF6EB0048618B /* Debug */,
				01CB7C36202FF6EB0048618B /* Release */,
			);
			defaultConfigurationIsVisible = 0;
			defaultConfigurationName = Release;
		};
		01CB7C37202FF6EB0048618B /* Build configuration list for PBXNativeTarget "DiceeTests" */ = {
			isa = XCConfigurationList;
			buildConfigurations = (
				01CB7C38202FF6EB0048618B /* Debug */,
				01CB7C39202FF6EB0048618B /* Release */,
			);
			defaultConfigurationIsVisible = 0;
			defaultConfigurationName = Release;
		};
		01CB7C3A202FF6EB0048618B /* Build configuration list for PBXNativeTarget "DiceeUITests" */ = {
			isa = XCConfigurationList;
			buildConfigurations = (
				01CB7C3B202FF6EB0048618B /* Debug */,
				01CB7C3C202FF6EB0048618B /* Release */,
			);
			defaultConfigurationIsVisible = 0;
			defaultConfigurationName = Release;
		};
/* End XCConfigurationList section */
	};
	rootObject = 01CB7C04202FF6EA0048618B /* Project object */;
}
